// !$*UTF8*$!
{
	archiveVersion = 1;
	classes = {
	};
	objectVersion = 51;
	objects = {

/* Begin PBXBuildFile section */
		5042E448F5F1BFE3C3C69FD9 /* Pods_medsos_authenticationTests.framework in Frameworks */ = {isa = PBXBuildFile; fileRef = D21F683E3CF21F6003CF55FC /* Pods_medsos_authenticationTests.framework */; };
		5EBCDA9AD7EAF20AB7F33443 /* Pods_medsos_authentication_medsos_authenticationUITests.framework in Frameworks */ = {isa = PBXBuildFile; fileRef = B7A06AEDB0769F698C5CE0AD /* Pods_medsos_authentication_medsos_authenticationUITests.framework */; };
		97C128C3247111D900386E29 /* AppDelegate.swift in Sources */ = {isa = PBXBuildFile; fileRef = 97C128C2247111D900386E29 /* AppDelegate.swift */; };
		97C128C5247111D900386E29 /* SceneDelegate.swift in Sources */ = {isa = PBXBuildFile; fileRef = 97C128C4247111D900386E29 /* SceneDelegate.swift */; };
		97C128C7247111D900386E29 /* MainViewController.swift in Sources */ = {isa = PBXBuildFile; fileRef = 97C128C6247111D900386E29 /* MainViewController.swift */; };
		97C128CA247111D900386E29 /* Main.storyboard in Resources */ = {isa = PBXBuildFile; fileRef = 97C128C8247111D900386E29 /* Main.storyboard */; };
		97C128CC247111DE00386E29 /* Assets.xcassets in Resources */ = {isa = PBXBuildFile; fileRef = 97C128CB247111DE00386E29 /* Assets.xcassets */; };
		97C128CF247111DE00386E29 /* LaunchScreen.storyboard in Resources */ = {isa = PBXBuildFile; fileRef = 97C128CD247111DE00386E29 /* LaunchScreen.storyboard */; };
		97C128DA247111DE00386E29 /* medsos_authenticationTests.swift in Sources */ = {isa = PBXBuildFile; fileRef = 97C128D9247111DE00386E29 /* medsos_authenticationTests.swift */; };
		97C128E5247111DE00386E29 /* medsos_authenticationUITests.swift in Sources */ = {isa = PBXBuildFile; fileRef = 97C128E4247111DE00386E29 /* medsos_authenticationUITests.swift */; };
		97C12910247112B600386E29 /* BaseViewController.swift in Sources */ = {isa = PBXBuildFile; fileRef = 97C128F7247112B500386E29 /* BaseViewController.swift */; };
		97C12917247112B600386E29 /* UIViewExt.swift in Sources */ = {isa = PBXBuildFile; fileRef = 97C12901247112B600386E29 /* UIViewExt.swift */; };
		97C12918247112B600386E29 /* UITableViewCellExt.swift in Sources */ = {isa = PBXBuildFile; fileRef = 97C12902247112B600386E29 /* UITableViewCellExt.swift */; };
		97C12919247112B600386E29 /* UICollectionViewCellExt.swift in Sources */ = {isa = PBXBuildFile; fileRef = 97C12903247112B600386E29 /* UICollectionViewCellExt.swift */; };
		97C1291A247112B600386E29 /* UIImageViewExt.swift in Sources */ = {isa = PBXBuildFile; fileRef = 97C12904247112B600386E29 /* UIImageViewExt.swift */; };
		97C1291C247112B600386E29 /* AlertBuilder.swift in Sources */ = {isa = PBXBuildFile; fileRef = 97C12908247112B600386E29 /* AlertBuilder.swift */; };
		97C1291D247112B600386E29 /* LoaderState.swift in Sources */ = {isa = PBXBuildFile; fileRef = 97C12909247112B600386E29 /* LoaderState.swift */; };
		97C1291E247112B600386E29 /* XIBView.swift in Sources */ = {isa = PBXBuildFile; fileRef = 97C1290A247112B600386E29 /* XIBView.swift */; };
		97C1291F247112B600386E29 /* LoaderVC.swift in Sources */ = {isa = PBXBuildFile; fileRef = 97C1290B247112B600386E29 /* LoaderVC.swift */; };
		97C12921247112B600386E29 /* BuildConfig.swift in Sources */ = {isa = PBXBuildFile; fileRef = 97C1290F247112B600386E29 /* BuildConfig.swift */; };
		97C129292471166E00386E29 /* UIViewControllerExt.swift in Sources */ = {isa = PBXBuildFile; fileRef = 97C129282471166E00386E29 /* UIViewControllerExt.swift */; };
		97C1292C2471260A00386E29 /* AuthNotification.swift in Sources */ = {isa = PBXBuildFile; fileRef = 97C1292B2471260A00386E29 /* AuthNotification.swift */; };
		97C1292E2471392A00386E29 /* AuthButton.swift in Sources */ = {isa = PBXBuildFile; fileRef = 97C1292D2471392A00386E29 /* AuthButton.swift */; };
		A9607D5F1CA3F733B06C926A /* Pods_medsos_authentication.framework in Frameworks */ = {isa = PBXBuildFile; fileRef = 2951A6277BC5C1EA5DD3133F /* Pods_medsos_authentication.framework */; };
/* End PBXBuildFile section */

/* Begin PBXContainerItemProxy section */
		97C128D6247111DE00386E29 /* PBXContainerItemProxy */ = {
			isa = PBXContainerItemProxy;
			containerPortal = 97C128B7247111D900386E29 /* Project object */;
			proxyType = 1;
			remoteGlobalIDString = 97C128BE247111D900386E29;
			remoteInfo = medsos_authentication;
		};
		97C128E1247111DE00386E29 /* PBXContainerItemProxy */ = {
			isa = PBXContainerItemProxy;
			containerPortal = 97C128B7247111D900386E29 /* Project object */;
			proxyType = 1;
			remoteGlobalIDString = 97C128BE247111D900386E29;
			remoteInfo = medsos_authentication;
		};
/* End PBXContainerItemProxy section */

/* Begin PBXFileReference section */
		01605B9FBA7901E016C038B7 /* Pods-medsos_authentication-medsos_authenticationUITests.debug.xcconfig */ = {isa = PBXFileReference; includeInIndex = 1; lastKnownFileType = text.xcconfig; name = "Pods-medsos_authentication-medsos_authenticationUITests.debug.xcconfig"; path = "Target Support Files/Pods-medsos_authentication-medsos_authenticationUITests/Pods-medsos_authentication-medsos_authenticationUITests.debug.xcconfig"; sourceTree = "<group>"; };
		1D3D80EA44F42D823718355F /* Pods-medsos_authenticationTests.debug.xcconfig */ = {isa = PBXFileReference; includeInIndex = 1; lastKnownFileType = text.xcconfig; name = "Pods-medsos_authenticationTests.debug.xcconfig"; path = "Target Support Files/Pods-medsos_authenticationTests/Pods-medsos_authenticationTests.debug.xcconfig"; sourceTree = "<group>"; };
		2783CD9C1A0A8BAD220C0EE8 /* Pods-medsos_authentication.release.xcconfig */ = {isa = PBXFileReference; includeInIndex = 1; lastKnownFileType = text.xcconfig; name = "Pods-medsos_authentication.release.xcconfig"; path = "Target Support Files/Pods-medsos_authentication/Pods-medsos_authentication.release.xcconfig"; sourceTree = "<group>"; };
		2951A6277BC5C1EA5DD3133F /* Pods_medsos_authentication.framework */ = {isa = PBXFileReference; explicitFileType = wrapper.framework; includeInIndex = 0; path = Pods_medsos_authentication.framework; sourceTree = BUILT_PRODUCTS_DIR; };
		444A39287C3858AD00A2BB4D /* Pods-medsos_authentication.debug.xcconfig */ = {isa = PBXFileReference; includeInIndex = 1; lastKnownFileType = text.xcconfig; name = "Pods-medsos_authentication.debug.xcconfig"; path = "Target Support Files/Pods-medsos_authentication/Pods-medsos_authentication.debug.xcconfig"; sourceTree = "<group>"; };
		9106DAC01C07F0EFF2DAB8BD /* Pods-medsos_authentication-medsos_authenticationUITests.release.xcconfig */ = {isa = PBXFileReference; includeInIndex = 1; lastKnownFileType = text.xcconfig; name = "Pods-medsos_authentication-medsos_authenticationUITests.release.xcconfig"; path = "Target Support Files/Pods-medsos_authentication-medsos_authenticationUITests/Pods-medsos_authentication-medsos_authenticationUITests.release.xcconfig"; sourceTree = "<group>"; };
		97C128BF247111D900386E29 /* Medsos Authentication.app */ = {isa = PBXFileReference; explicitFileType = wrapper.application; includeInIndex = 0; path = "Medsos Authentication.app"; sourceTree = BUILT_PRODUCTS_DIR; };
		97C128C2247111D900386E29 /* AppDelegate.swift */ = {isa = PBXFileReference; lastKnownFileType = sourcecode.swift; path = AppDelegate.swift; sourceTree = "<group>"; };
		97C128C4247111D900386E29 /* SceneDelegate.swift */ = {isa = PBXFileReference; lastKnownFileType = sourcecode.swift; path = SceneDelegate.swift; sourceTree = "<group>"; };
		97C128C6247111D900386E29 /* MainViewController.swift */ = {isa = PBXFileReference; lastKnownFileType = sourcecode.swift; path = MainViewController.swift; sourceTree = "<group>"; };
		97C128C9247111D900386E29 /* Base */ = {isa = PBXFileReference; lastKnownFileType = file.storyboard; name = Base; path = Base.lproj/Main.storyboard; sourceTree = "<group>"; };
		97C128CB247111DE00386E29 /* Assets.xcassets */ = {isa = PBXFileReference; lastKnownFileType = folder.assetcatalog; path = Assets.xcassets; sourceTree = "<group>"; };
		97C128CE247111DE00386E29 /* Base */ = {isa = PBXFileReference; lastKnownFileType = file.storyboard; name = Base; path = Base.lproj/LaunchScreen.storyboard; sourceTree = "<group>"; };
		97C128D0247111DE00386E29 /* Info.plist */ = {isa = PBXFileReference; lastKnownFileType = text.plist.xml; path = Info.plist; sourceTree = "<group>"; };
		97C128D5247111DE00386E29 /* medsos_authenticationTests.xctest */ = {isa = PBXFileReference; explicitFileType = wrapper.cfbundle; includeInIndex = 0; path = medsos_authenticationTests.xctest; sourceTree = BUILT_PRODUCTS_DIR; };
		97C128D9247111DE00386E29 /* medsos_authenticationTests.swift */ = {isa = PBXFileReference; lastKnownFileType = sourcecode.swift; path = medsos_authenticationTests.swift; sourceTree = "<group>"; };
		97C128DB247111DE00386E29 /* Info.plist */ = {isa = PBXFileReference; lastKnownFileType = text.plist.xml; path = Info.plist; sourceTree = "<group>"; };
		97C128E0247111DE00386E29 /* medsos_authenticationUITests.xctest */ = {isa = PBXFileReference; explicitFileType = wrapper.cfbundle; includeInIndex = 0; path = medsos_authenticationUITests.xctest; sourceTree = BUILT_PRODUCTS_DIR; };
		97C128E4247111DE00386E29 /* medsos_authenticationUITests.swift */ = {isa = PBXFileReference; lastKnownFileType = sourcecode.swift; path = medsos_authenticationUITests.swift; sourceTree = "<group>"; };
		97C128E6247111DE00386E29 /* Info.plist */ = {isa = PBXFileReference; lastKnownFileType = text.plist.xml; path = Info.plist; sourceTree = "<group>"; };
		97C128F7247112B500386E29 /* BaseViewController.swift */ = {isa = PBXFileReference; fileEncoding = 4; lastKnownFileType = sourcecode.swift; path = BaseViewController.swift; sourceTree = "<group>"; };
		97C12901247112B600386E29 /* UIViewExt.swift */ = {isa = PBXFileReference; fileEncoding = 4; lastKnownFileType = sourcecode.swift; path = UIViewExt.swift; sourceTree = "<group>"; };
		97C12902247112B600386E29 /* UITableViewCellExt.swift */ = {isa = PBXFileReference; fileEncoding = 4; lastKnownFileType = sourcecode.swift; path = UITableViewCellExt.swift; sourceTree = "<group>"; };
		97C12903247112B600386E29 /* UICollectionViewCellExt.swift */ = {isa = PBXFileReference; fileEncoding = 4; lastKnownFileType = sourcecode.swift; path = UICollectionViewCellExt.swift; sourceTree = "<group>"; };
		97C12904247112B600386E29 /* UIImageViewExt.swift */ = {isa = PBXFileReference; fileEncoding = 4; lastKnownFileType = sourcecode.swift; path = UIImageViewExt.swift; sourceTree = "<group>"; };
		97C12908247112B600386E29 /* AlertBuilder.swift */ = {isa = PBXFileReference; fileEncoding = 4; lastKnownFileType = sourcecode.swift; path = AlertBuilder.swift; sourceTree = "<group>"; };
		97C12909247112B600386E29 /* LoaderState.swift */ = {isa = PBXFileReference; fileEncoding = 4; lastKnownFileType = sourcecode.swift; path = LoaderState.swift; sourceTree = "<group>"; };
		97C1290A247112B600386E29 /* XIBView.swift */ = {isa = PBXFileReference; fileEncoding = 4; lastKnownFileType = sourcecode.swift; path = XIBView.swift; sourceTree = "<group>"; };
		97C1290B247112B600386E29 /* LoaderVC.swift */ = {isa = PBXFileReference; fileEncoding = 4; lastKnownFileType = sourcecode.swift; path = LoaderVC.swift; sourceTree = "<group>"; };
		97C1290F247112B600386E29 /* BuildConfig.swift */ = {isa = PBXFileReference; fileEncoding = 4; lastKnownFileType = sourcecode.swift; path = BuildConfig.swift; sourceTree = "<group>"; };
		97C129282471166E00386E29 /* UIViewControllerExt.swift */ = {isa = PBXFileReference; lastKnownFileType = sourcecode.swift; path = UIViewControllerExt.swift; sourceTree = "<group>"; };
		97C1292B2471260A00386E29 /* AuthNotification.swift */ = {isa = PBXFileReference; lastKnownFileType = sourcecode.swift; path = AuthNotification.swift; sourceTree = "<group>"; };
		97C1292D2471392A00386E29 /* AuthButton.swift */ = {isa = PBXFileReference; lastKnownFileType = sourcecode.swift; path = AuthButton.swift; sourceTree = "<group>"; };
		B7A06AEDB0769F698C5CE0AD /* Pods_medsos_authentication_medsos_authenticationUITests.framework */ = {isa = PBXFileReference; explicitFileType = wrapper.framework; includeInIndex = 0; path = Pods_medsos_authentication_medsos_authenticationUITests.framework; sourceTree = BUILT_PRODUCTS_DIR; };
		BB08285CF3FDB01EA8F48927 /* Pods-medsos_authenticationTests.release.xcconfig */ = {isa = PBXFileReference; includeInIndex = 1; lastKnownFileType = text.xcconfig; name = "Pods-medsos_authenticationTests.release.xcconfig"; path = "Target Support Files/Pods-medsos_authenticationTests/Pods-medsos_authenticationTests.release.xcconfig"; sourceTree = "<group>"; };
		D21F683E3CF21F6003CF55FC /* Pods_medsos_authenticationTests.framework */ = {isa = PBXFileReference; explicitFileType = wrapper.framework; includeInIndex = 0; path = Pods_medsos_authenticationTests.framework; sourceTree = BUILT_PRODUCTS_DIR; };
/* End PBXFileReference section */

/* Begin PBXFrameworksBuildPhase section */
		97C128BC247111D900386E29 /* Frameworks */ = {
			isa = PBXFrameworksBuildPhase;
			buildActionMask = 2147483647;
			files = (
				A9607D5F1CA3F733B06C926A /* Pods_medsos_authentication.framework in Frameworks */,
			);
			runOnlyForDeploymentPostprocessing = 0;
		};
		97C128D2247111DE00386E29 /* Frameworks */ = {
			isa = PBXFrameworksBuildPhase;
			buildActionMask = 2147483647;
			files = (
				5042E448F5F1BFE3C3C69FD9 /* Pods_medsos_authenticationTests.framework in Frameworks */,
			);
			runOnlyForDeploymentPostprocessing = 0;
		};
		97C128DD247111DE00386E29 /* Frameworks */ = {
			isa = PBXFrameworksBuildPhase;
			buildActionMask = 2147483647;
			files = (
				5EBCDA9AD7EAF20AB7F33443 /* Pods_medsos_authentication_medsos_authenticationUITests.framework in Frameworks */,
			);
			runOnlyForDeploymentPostprocessing = 0;
		};
/* End PBXFrameworksBuildPhase section */

/* Begin PBXGroup section */
		065B742D5697372E83E61737 /* Frameworks */ = {
			isa = PBXGroup;
			children = (
				2951A6277BC5C1EA5DD3133F /* Pods_medsos_authentication.framework */,
				B7A06AEDB0769F698C5CE0AD /* Pods_medsos_authentication_medsos_authenticationUITests.framework */,
				D21F683E3CF21F6003CF55FC /* Pods_medsos_authenticationTests.framework */,
			);
			name = Frameworks;
			sourceTree = "<group>";
		};
		97C128B6247111D900386E29 = {
			isa = PBXGroup;
			children = (
				97C128C1247111D900386E29 /* medsos_authentication */,
				97C128D8247111DE00386E29 /* medsos_authenticationTests */,
				97C128E3247111DE00386E29 /* medsos_authenticationUITests */,
				97C128C0247111D900386E29 /* Products */,
				F3C4F2A4E567C5DB3244B5B8 /* Pods */,
				065B742D5697372E83E61737 /* Frameworks */,
			);
			sourceTree = "<group>";
		};
		97C128C0247111D900386E29 /* Products */ = {
			isa = PBXGroup;
			children = (
				97C128BF247111D900386E29 /* Medsos Authentication.app */,
				97C128D5247111DE00386E29 /* medsos_authenticationTests.xctest */,
				97C128E0247111DE00386E29 /* medsos_authenticationUITests.xctest */,
			);
			name = Products;
			sourceTree = "<group>";
		};
		97C128C1247111D900386E29 /* medsos_authentication */ = {
			isa = PBXGroup;
			children = (
				97C128F22471120C00386E29 /* Core */,
				97C128F32471121500386E29 /* Features */,
				97C128F42471121900386E29 /* Resources */,
			);
			path = medsos_authentication;
			sourceTree = "<group>";
		};
		97C128D8247111DE00386E29 /* medsos_authenticationTests */ = {
			isa = PBXGroup;
			children = (
				97C128D9247111DE00386E29 /* medsos_authenticationTests.swift */,
				97C128DB247111DE00386E29 /* Info.plist */,
			);
			path = medsos_authenticationTests;
			sourceTree = "<group>";
		};
		97C128E3247111DE00386E29 /* medsos_authenticationUITests */ = {
			isa = PBXGroup;
			children = (
				97C128E4247111DE00386E29 /* medsos_authenticationUITests.swift */,
				97C128E6247111DE00386E29 /* Info.plist */,
			);
			path = medsos_authenticationUITests;
			sourceTree = "<group>";
		};
		97C128F22471120C00386E29 /* Core */ = {
			isa = PBXGroup;
			children = (
				97C128F6247112B500386E29 /* Base */,
				97C12923247112E900386E29 /* Config */,
				97C1292A247125E400386E29 /* NotificationCenter */,
				97C128FE247112B600386E29 /* Utilities */,
				97C128C2247111D900386E29 /* AppDelegate.swift */,
				97C128C4247111D900386E29 /* SceneDelegate.swift */,
				97C128CD247111DE00386E29 /* LaunchScreen.storyboard */,
				97C128D0247111DE00386E29 /* Info.plist */,
			);
			path = Core;
			sourceTree = "<group>";
		};
		97C128F32471121500386E29 /* Features */ = {
			isa = PBXGroup;
			children = (
				97C128C6247111D900386E29 /* MainViewController.swift */,
				97C128C8247111D900386E29 /* Main.storyboard */,
			);
			path = Features;
			sourceTree = "<group>";
		};
		97C128F42471121900386E29 /* Resources */ = {
			isa = PBXGroup;
			children = (
				97C128CB247111DE00386E29 /* Assets.xcassets */,
			);
			path = Resources;
			sourceTree = "<group>";
		};
		97C128F6247112B500386E29 /* Base */ = {
			isa = PBXGroup;
			children = (
				97C128F7247112B500386E29 /* BaseViewController.swift */,
				97C1292D2471392A00386E29 /* AuthButton.swift */,
			);
			name = Base;
			path = Base/Base;
			sourceTree = "<group>";
		};
		97C128FE247112B600386E29 /* Utilities */ = {
			isa = PBXGroup;
			children = (
				97C128FF247112B600386E29 /* Extensions */,
				97C12907247112B600386E29 /* View */,
			);
			path = Utilities;
			sourceTree = "<group>";
		};
		97C128FF247112B600386E29 /* Extensions */ = {
			isa = PBXGroup;
			children = (
				97C12900247112B600386E29 /* View */,
			);
			path = Extensions;
			sourceTree = "<group>";
		};
		97C12900247112B600386E29 /* View */ = {
			isa = PBXGroup;
			children = (
				97C12901247112B600386E29 /* UIViewExt.swift */,
				97C12902247112B600386E29 /* UITableViewCellExt.swift */,
				97C12903247112B600386E29 /* UICollectionViewCellExt.swift */,
				97C12904247112B600386E29 /* UIImageViewExt.swift */,
				97C129282471166E00386E29 /* UIViewControllerExt.swift */,
			);
			path = View;
			sourceTree = "<group>";
		};
		97C12907247112B600386E29 /* View */ = {
			isa = PBXGroup;
			children = (
				97C12908247112B600386E29 /* AlertBuilder.swift */,
				97C12909247112B600386E29 /* LoaderState.swift */,
				97C1290A247112B600386E29 /* XIBView.swift */,
				97C1290B247112B600386E29 /* LoaderVC.swift */,
			);
			path = View;
			sourceTree = "<group>";
		};
		97C12923247112E900386E29 /* Config */ = {
			isa = PBXGroup;
			children = (
				97C1290F247112B600386E29 /* BuildConfig.swift */,
			);
			path = Config;
			sourceTree = "<group>";
		};
		97C1292A247125E400386E29 /* NotificationCenter */ = {
			isa = PBXGroup;
			children = (
				97C1292B2471260A00386E29 /* AuthNotification.swift */,
			);
			path = NotificationCenter;
			sourceTree = "<group>";
		};
		F3C4F2A4E567C5DB3244B5B8 /* Pods */ = {
			isa = PBXGroup;
			children = (
				444A39287C3858AD00A2BB4D /* Pods-medsos_authentication.debug.xcconfig */,
				2783CD9C1A0A8BAD220C0EE8 /* Pods-medsos_authentication.release.xcconfig */,
				01605B9FBA7901E016C038B7 /* Pods-medsos_authentication-medsos_authenticationUITests.debug.xcconfig */,
				9106DAC01C07F0EFF2DAB8BD /* Pods-medsos_authentication-medsos_authenticationUITests.release.xcconfig */,
				1D3D80EA44F42D823718355F /* Pods-medsos_authenticationTests.debug.xcconfig */,
				BB08285CF3FDB01EA8F48927 /* Pods-medsos_authenticationTests.release.xcconfig */,
			);
			path = Pods;
			sourceTree = "<group>";
		};
/* End PBXGroup section */

/* Begin PBXNativeTarget section */
		97C128BE247111D900386E29 /* medsos_authentication */ = {
			isa = PBXNativeTarget;
			buildConfigurationList = 97C128E9247111DE00386E29 /* Build configuration list for PBXNativeTarget "medsos_authentication" */;
			buildPhases = (
				6AA531BAFFA1B27F1EF2B645 /* [CP] Check Pods Manifest.lock */,
				97C128BB247111D900386E29 /* Sources */,
				97C128BC247111D900386E29 /* Frameworks */,
				97C128BD247111D900386E29 /* Resources */,
				05066E0D12766F53F16F6387 /* [CP] Embed Pods Frameworks */,
				6AAFC18E5F830C4B0D54FE3F /* [CP] Copy Pods Resources */,
			);
			buildRules = (
			);
			dependencies = (
			);
			name = medsos_authentication;
			productName = medsos_authentication;
			productReference = 97C128BF247111D900386E29 /* Medsos Authentication.app */;
			productType = "com.apple.product-type.application";
		};
		97C128D4247111DE00386E29 /* medsos_authenticationTests */ = {
			isa = PBXNativeTarget;
			buildConfigurationList = 97C128EC247111DE00386E29 /* Build configuration list for PBXNativeTarget "medsos_authenticationTests" */;
			buildPhases = (
				81F155AE446346951F73BC0C /* [CP] Check Pods Manifest.lock */,
				97C128D1247111DE00386E29 /* Sources */,
				97C128D2247111DE00386E29 /* Frameworks */,
				97C128D3247111DE00386E29 /* Resources */,
			);
			buildRules = (
			);
			dependencies = (
				97C128D7247111DE00386E29 /* PBXTargetDependency */,
			);
			name = medsos_authenticationTests;
			productName = medsos_authenticationTests;
			productReference = 97C128D5247111DE00386E29 /* medsos_authenticationTests.xctest */;
			productType = "com.apple.product-type.bundle.unit-test";
		};
		97C128DF247111DE00386E29 /* medsos_authenticationUITests */ = {
			isa = PBXNativeTarget;
			buildConfigurationList = 97C128EF247111DE00386E29 /* Build configuration list for PBXNativeTarget "medsos_authenticationUITests" */;
			buildPhases = (
				FACA9506DB31CE891472E097 /* [CP] Check Pods Manifest.lock */,
				97C128DC247111DE00386E29 /* Sources */,
				97C128DD247111DE00386E29 /* Frameworks */,
				97C128DE247111DE00386E29 /* Resources */,
				279C226BBF05AEBADCD007A3 /* [CP] Embed Pods Frameworks */,
				8A6883E6178F8F58FA84021F /* [CP] Copy Pods Resources */,
			);
			buildRules = (
			);
			dependencies = (
				97C128E2247111DE00386E29 /* PBXTargetDependency */,
			);
			name = medsos_authenticationUITests;
			productName = medsos_authenticationUITests;
			productReference = 97C128E0247111DE00386E29 /* medsos_authenticationUITests.xctest */;
			productType = "com.apple.product-type.bundle.ui-testing";
		};
/* End PBXNativeTarget section */

/* Begin PBXProject section */
		97C128B7247111D900386E29 /* Project object */ = {
			isa = PBXProject;
			attributes = {
				LastSwiftUpdateCheck = 1140;
				LastUpgradeCheck = 1140;
				ORGANIZATIONNAME = gyosanila;
				TargetAttributes = {
					97C128BE247111D900386E29 = {
						CreatedOnToolsVersion = 11.4.1;
					};
					97C128D4247111DE00386E29 = {
						CreatedOnToolsVersion = 11.4.1;
						TestTargetID = 97C128BE247111D900386E29;
					};
					97C128DF247111DE00386E29 = {
						CreatedOnToolsVersion = 11.4.1;
						TestTargetID = 97C128BE247111D900386E29;
					};
				};
			};
			buildConfigurationList = 97C128BA247111D900386E29 /* Build configuration list for PBXProject "medsos_authentication" */;
			compatibilityVersion = "Xcode 9.3";
			developmentRegion = en;
			hasScannedForEncodings = 0;
			knownRegions = (
				en,
				Base,
			);
			mainGroup = 97C128B6247111D900386E29;
			productRefGroup = 97C128C0247111D900386E29 /* Products */;
			projectDirPath = "";
			projectRoot = "";
			targets = (
				97C128BE247111D900386E29 /* medsos_authentication */,
				97C128D4247111DE00386E29 /* medsos_authenticationTests */,
				97C128DF247111DE00386E29 /* medsos_authenticationUITests */,
			);
		};
/* End PBXProject section */

/* Begin PBXResourcesBuildPhase section */
		97C128BD247111D900386E29 /* Resources */ = {
			isa = PBXResourcesBuildPhase;
			buildActionMask = 2147483647;
			files = (
				97C128CF247111DE00386E29 /* LaunchScreen.storyboard in Resources */,
				97C128CC247111DE00386E29 /* Assets.xcassets in Resources */,
				97C128CA247111D900386E29 /* Main.storyboard in Resources */,
			);
			runOnlyForDeploymentPostprocessing = 0;
		};
		97C128D3247111DE00386E29 /* Resources */ = {
			isa = PBXResourcesBuildPhase;
			buildActionMask = 2147483647;
			files = (
			);
			runOnlyForDeploymentPostprocessing = 0;
		};
		97C128DE247111DE00386E29 /* Resources */ = {
			isa = PBXResourcesBuildPhase;
			buildActionMask = 2147483647;
			files = (
			);
			runOnlyForDeploymentPostprocessing = 0;
		};
/* End PBXResourcesBuildPhase section */

/* Begin PBXShellScriptBuildPhase section */
		05066E0D12766F53F16F6387 /* [CP] Embed Pods Frameworks */ = {
			isa = PBXShellScriptBuildPhase;
			buildActionMask = 2147483647;
			files = (
			);
			inputFileListPaths = (
				"${PODS_ROOT}/Target Support Files/Pods-medsos_authentication/Pods-medsos_authentication-frameworks-${CONFIGURATION}-input-files.xcfilelist",
			);
			name = "[CP] Embed Pods Frameworks";
			outputFileListPaths = (
				"${PODS_ROOT}/Target Support Files/Pods-medsos_authentication/Pods-medsos_authentication-frameworks-${CONFIGURATION}-output-files.xcfilelist",
			);
			runOnlyForDeploymentPostprocessing = 0;
			shellPath = /bin/sh;
			shellScript = "\"${PODS_ROOT}/Target Support Files/Pods-medsos_authentication/Pods-medsos_authentication-frameworks.sh\"\n";
			showEnvVarsInLog = 0;
		};
		279C226BBF05AEBADCD007A3 /* [CP] Embed Pods Frameworks */ = {
			isa = PBXShellScriptBuildPhase;
			buildActionMask = 2147483647;
			files = (
			);
			inputFileListPaths = (
				"${PODS_ROOT}/Target Support Files/Pods-medsos_authentication-medsos_authenticationUITests/Pods-medsos_authentication-medsos_authenticationUITests-frameworks-${CONFIGURATION}-input-files.xcfilelist",
			);
			name = "[CP] Embed Pods Frameworks";
			outputFileListPaths = (
				"${PODS_ROOT}/Target Support Files/Pods-medsos_authentication-medsos_authenticationUITests/Pods-medsos_authentication-medsos_authenticationUITests-frameworks-${CONFIGURATION}-output-files.xcfilelist",
			);
			runOnlyForDeploymentPostprocessing = 0;
			shellPath = /bin/sh;
			shellScript = "\"${PODS_ROOT}/Target Support Files/Pods-medsos_authentication-medsos_authenticationUITests/Pods-medsos_authentication-medsos_authenticationUITests-frameworks.sh\"\n";
			showEnvVarsInLog = 0;
		};
		6AA531BAFFA1B27F1EF2B645 /* [CP] Check Pods Manifest.lock */ = {
			isa = PBXShellScriptBuildPhase;
			buildActionMask = 2147483647;
			files = (
			);
			inputFileListPaths = (
			);
			inputPaths = (
				"${PODS_PODFILE_DIR_PATH}/Podfile.lock",
				"${PODS_ROOT}/Manifest.lock",
			);
			name = "[CP] Check Pods Manifest.lock";
			outputFileListPaths = (
			);
			outputPaths = (
				"$(DERIVED_FILE_DIR)/Pods-medsos_authentication-checkManifestLockResult.txt",
			);
			runOnlyForDeploymentPostprocessing = 0;
			shellPath = /bin/sh;
			shellScript = "diff \"${PODS_PODFILE_DIR_PATH}/Podfile.lock\" \"${PODS_ROOT}/Manifest.lock\" > /dev/null\nif [ $? != 0 ] ; then\n    # print error to STDERR\n    echo \"error: The sandbox is not in sync with the Podfile.lock. Run 'pod install' or update your CocoaPods installation.\" >&2\n    exit 1\nfi\n# This output is used by Xcode 'outputs' to avoid re-running this script phase.\necho \"SUCCESS\" > \"${SCRIPT_OUTPUT_FILE_0}\"\n";
			showEnvVarsInLog = 0;
		};
		6AAFC18E5F830C4B0D54FE3F /* [CP] Copy Pods Resources */ = {
			isa = PBXShellScriptBuildPhase;
			buildActionMask = 2147483647;
			files = (
			);
			inputFileListPaths = (
				"${PODS_ROOT}/Target Support Files/Pods-medsos_authentication/Pods-medsos_authentication-resources-${CONFIGURATION}-input-files.xcfilelist",
			);
			name = "[CP] Copy Pods Resources";
			outputFileListPaths = (
				"${PODS_ROOT}/Target Support Files/Pods-medsos_authentication/Pods-medsos_authentication-resources-${CONFIGURATION}-output-files.xcfilelist",
			);
			runOnlyForDeploymentPostprocessing = 0;
			shellPath = /bin/sh;
			shellScript = "\"${PODS_ROOT}/Target Support Files/Pods-medsos_authentication/Pods-medsos_authentication-resources.sh\"\n";
			showEnvVarsInLog = 0;
		};
		81F155AE446346951F73BC0C /* [CP] Check Pods Manifest.lock */ = {
			isa = PBXShellScriptBuildPhase;
			buildActionMask = 2147483647;
			files = (
			);
			inputFileListPaths = (
			);
			inputPaths = (
				"${PODS_PODFILE_DIR_PATH}/Podfile.lock",
				"${PODS_ROOT}/Manifest.lock",
			);
			name = "[CP] Check Pods Manifest.lock";
			outputFileListPaths = (
			);
			outputPaths = (
				"$(DERIVED_FILE_DIR)/Pods-medsos_authenticationTests-checkManifestLockResult.txt",
			);
			runOnlyForDeploymentPostprocessing = 0;
			shellPath = /bin/sh;
			shellScript = "diff \"${PODS_PODFILE_DIR_PATH}/Podfile.lock\" \"${PODS_ROOT}/Manifest.lock\" > /dev/null\nif [ $? != 0 ] ; then\n    # print error to STDERR\n    echo \"error: The sandbox is not in sync with the Podfile.lock. Run 'pod install' or update your CocoaPods installation.\" >&2\n    exit 1\nfi\n# This output is used by Xcode 'outputs' to avoid re-running this script phase.\necho \"SUCCESS\" > \"${SCRIPT_OUTPUT_FILE_0}\"\n";
			showEnvVarsInLog = 0;
		};
		8A6883E6178F8F58FA84021F /* [CP] Copy Pods Resources */ = {
			isa = PBXShellScriptBuildPhase;
			buildActionMask = 2147483647;
			files = (
			);
			inputFileListPaths = (
				"${PODS_ROOT}/Target Support Files/Pods-medsos_authentication-medsos_authenticationUITests/Pods-medsos_authentication-medsos_authenticationUITests-resources-${CONFIGURATION}-input-files.xcfilelist",
			);
			name = "[CP] Copy Pods Resources";
			outputFileListPaths = (
				"${PODS_ROOT}/Target Support Files/Pods-medsos_authentication-medsos_authenticationUITests/Pods-medsos_authentication-medsos_authenticationUITests-resources-${CONFIGURATION}-output-files.xcfilelist",
			);
			runOnlyForDeploymentPostprocessing = 0;
			shellPath = /bin/sh;
			shellScript = "\"${PODS_ROOT}/Target Support Files/Pods-medsos_authentication-medsos_authenticationUITests/Pods-medsos_authentication-medsos_authenticationUITests-resources.sh\"\n";
			showEnvVarsInLog = 0;
		};
		FACA9506DB31CE891472E097 /* [CP] Check Pods Manifest.lock */ = {
			isa = PBXShellScriptBuildPhase;
			buildActionMask = 2147483647;
			files = (
			);
			inputFileListPaths = (
			);
			inputPaths = (
				"${PODS_PODFILE_DIR_PATH}/Podfile.lock",
				"${PODS_ROOT}/Manifest.lock",
			);
			name = "[CP] Check Pods Manifest.lock";
			outputFileListPaths = (
			);
			outputPaths = (
				"$(DERIVED_FILE_DIR)/Pods-medsos_authentication-medsos_authenticationUITests-checkManifestLockResult.txt",
			);
			runOnlyForDeploymentPostprocessing = 0;
			shellPath = /bin/sh;
			shellScript = "diff \"${PODS_PODFILE_DIR_PATH}/Podfile.lock\" \"${PODS_ROOT}/Manifest.lock\" > /dev/null\nif [ $? != 0 ] ; then\n    # print error to STDERR\n    echo \"error: The sandbox is not in sync with the Podfile.lock. Run 'pod install' or update your CocoaPods installation.\" >&2\n    exit 1\nfi\n# This output is used by Xcode 'outputs' to avoid re-running this script phase.\necho \"SUCCESS\" > \"${SCRIPT_OUTPUT_FILE_0}\"\n";
			showEnvVarsInLog = 0;
		};
/* End PBXShellScriptBuildPhase section */

/* Begin PBXSourcesBuildPhase section */
		97C128BB247111D900386E29 /* Sources */ = {
			isa = PBXSourcesBuildPhase;
			buildActionMask = 2147483647;
			files = (
				97C12921247112B600386E29 /* BuildConfig.swift in Sources */,
				97C1291A247112B600386E29 /* UIImageViewExt.swift in Sources */,
				97C1291D247112B600386E29 /* LoaderState.swift in Sources */,
				97C1291F247112B600386E29 /* LoaderVC.swift in Sources */,
				97C128C7247111D900386E29 /* MainViewController.swift in Sources */,
				97C12910247112B600386E29 /* BaseViewController.swift in Sources */,
				97C12919247112B600386E29 /* UICollectionViewCellExt.swift in Sources */,
				97C1291E247112B600386E29 /* XIBView.swift in Sources */,
				97C12918247112B600386E29 /* UITableViewCellExt.swift in Sources */,
				97C1292E2471392A00386E29 /* AuthButton.swift in Sources */,
				97C12917247112B600386E29 /* UIViewExt.swift in Sources */,
				97C1292C2471260A00386E29 /* AuthNotification.swift in Sources */,
				97C129292471166E00386E29 /* UIViewControllerExt.swift in Sources */,
				97C128C3247111D900386E29 /* AppDelegate.swift in Sources */,
				97C1291C247112B600386E29 /* AlertBuilder.swift in Sources */,
				97C128C5247111D900386E29 /* SceneDelegate.swift in Sources */,
			);
			runOnlyForDeploymentPostprocessing = 0;
		};
		97C128D1247111DE00386E29 /* Sources */ = {
			isa = PBXSourcesBuildPhase;
			buildActionMask = 2147483647;
			files = (
				97C128DA247111DE00386E29 /* medsos_authenticationTests.swift in Sources */,
			);
			runOnlyForDeploymentPostprocessing = 0;
		};
		97C128DC247111DE00386E29 /* Sources */ = {
			isa = PBXSourcesBuildPhase;
			buildActionMask = 2147483647;
			files = (
				97C128E5247111DE00386E29 /* medsos_authenticationUITests.swift in Sources */,
			);
			runOnlyForDeploymentPostprocessing = 0;
		};
/* End PBXSourcesBuildPhase section */

/* Begin PBXTargetDependency section */
		97C128D7247111DE00386E29 /* PBXTargetDependency */ = {
			isa = PBXTargetDependency;
			target = 97C128BE247111D900386E29 /* medsos_authentication */;
			targetProxy = 97C128D6247111DE00386E29 /* PBXContainerItemProxy */;
		};
		97C128E2247111DE00386E29 /* PBXTargetDependency */ = {
			isa = PBXTargetDependency;
			target = 97C128BE247111D900386E29 /* medsos_authentication */;
			targetProxy = 97C128E1247111DE00386E29 /* PBXContainerItemProxy */;
		};
/* End PBXTargetDependency section */

/* Begin PBXVariantGroup section */
		97C128C8247111D900386E29 /* Main.storyboard */ = {
			isa = PBXVariantGroup;
			children = (
				97C128C9247111D900386E29 /* Base */,
			);
			name = Main.storyboard;
			sourceTree = "<group>";
		};
		97C128CD247111DE00386E29 /* LaunchScreen.storyboard */ = {
			isa = PBXVariantGroup;
			children = (
				97C128CE247111DE00386E29 /* Base */,
			);
			name = LaunchScreen.storyboard;
			sourceTree = "<group>";
		};
/* End PBXVariantGroup section */

/* Begin XCBuildConfiguration section */
		97C128E7247111DE00386E29 /* Debug */ = {
			isa = XCBuildConfiguration;
			buildSettings = {
				ALWAYS_SEARCH_USER_PATHS = NO;
				CLANG_ANALYZER_NONNULL = YES;
				CLANG_ANALYZER_NUMBER_OBJECT_CONVERSION = YES_AGGRESSIVE;
				CLANG_CXX_LANGUAGE_STANDARD = "gnu++14";
				CLANG_CXX_LIBRARY = "libc++";
				CLANG_ENABLE_MODULES = YES;
				CLANG_ENABLE_OBJC_ARC = YES;
				CLANG_ENABLE_OBJC_WEAK = YES;
				CLANG_WARN_BLOCK_CAPTURE_AUTORELEASING = YES;
				CLANG_WARN_BOOL_CONVERSION = YES;
				CLANG_WARN_COMMA = YES;
				CLANG_WARN_CONSTANT_CONVERSION = YES;
				CLANG_WARN_DEPRECATED_OBJC_IMPLEMENTATIONS = YES;
				CLANG_WARN_DIRECT_OBJC_ISA_USAGE = YES_ERROR;
				CLANG_WARN_DOCUMENTATION_COMMENTS = YES;
				CLANG_WARN_EMPTY_BODY = YES;
				CLANG_WARN_ENUM_CONVERSION = YES;
				CLANG_WARN_INFINITE_RECURSION = YES;
				CLANG_WARN_INT_CONVERSION = YES;
				CLANG_WARN_NON_LITERAL_NULL_CONVERSION = YES;
				CLANG_WARN_OBJC_IMPLICIT_RETAIN_SELF = YES;
				CLANG_WARN_OBJC_LITERAL_CONVERSION = YES;
				CLANG_WARN_OBJC_ROOT_CLASS = YES_ERROR;
				CLANG_WARN_RANGE_LOOP_ANALYSIS = YES;
				CLANG_WARN_STRICT_PROTOTYPES = YES;
				CLANG_WARN_SUSPICIOUS_MOVE = YES;
				CLANG_WARN_UNGUARDED_AVAILABILITY = YES_AGGRESSIVE;
				CLANG_WARN_UNREACHABLE_CODE = YES;
				CLANG_WARN__DUPLICATE_METHOD_MATCH = YES;
				COPY_PHASE_STRIP = NO;
				DEBUG_INFORMATION_FORMAT = dwarf;
				ENABLE_STRICT_OBJC_MSGSEND = YES;
				ENABLE_TESTABILITY = YES;
				GCC_C_LANGUAGE_STANDARD = gnu11;
				GCC_DYNAMIC_NO_PIC = NO;
				GCC_NO_COMMON_BLOCKS = YES;
				GCC_OPTIMIZATION_LEVEL = 0;
				GCC_PREPROCESSOR_DEFINITIONS = (
					"DEBUG=1",
					"$(inherited)",
				);
				GCC_WARN_64_TO_32_BIT_CONVERSION = YES;
				GCC_WARN_ABOUT_RETURN_TYPE = YES_ERROR;
				GCC_WARN_UNDECLARED_SELECTOR = YES;
				GCC_WARN_UNINITIALIZED_AUTOS = YES_AGGRESSIVE;
				GCC_WARN_UNUSED_FUNCTION = YES;
				GCC_WARN_UNUSED_VARIABLE = YES;
				IPHONEOS_DEPLOYMENT_TARGET = 13.0;
				MTL_ENABLE_DEBUG_INFO = INCLUDE_SOURCE;
				MTL_FAST_MATH = YES;
				ONLY_ACTIVE_ARCH = YES;
				SDKROOT = iphoneos;
				SWIFT_ACTIVE_COMPILATION_CONDITIONS = DEBUG;
				SWIFT_OPTIMIZATION_LEVEL = "-Onone";
			};
			name = Debug;
		};
		97C128E8247111DE00386E29 /* Release */ = {
			isa = XCBuildConfiguration;
			buildSettings = {
				ALWAYS_SEARCH_USER_PATHS = NO;
				CLANG_ANALYZER_NONNULL = YES;
				CLANG_ANALYZER_NUMBER_OBJECT_CONVERSION = YES_AGGRESSIVE;
				CLANG_CXX_LANGUAGE_STANDARD = "gnu++14";
				CLANG_CXX_LIBRARY = "libc++";
				CLANG_ENABLE_MODULES = YES;
				CLANG_ENABLE_OBJC_ARC = YES;
				CLANG_ENABLE_OBJC_WEAK = YES;
				CLANG_WARN_BLOCK_CAPTURE_AUTORELEASING = YES;
				CLANG_WARN_BOOL_CONVERSION = YES;
				CLANG_WARN_COMMA = YES;
				CLANG_WARN_CONSTANT_CONVERSION = YES;
				CLANG_WARN_DEPRECATED_OBJC_IMPLEMENTATIONS = YES;
				CLANG_WARN_DIRECT_OBJC_ISA_USAGE = YES_ERROR;
				CLANG_WARN_DOCUMENTATION_COMMENTS = YES;
				CLANG_WARN_EMPTY_BODY = YES;
				CLANG_WARN_ENUM_CONVERSION = YES;
				CLANG_WARN_INFINITE_RECURSION = YES;
				CLANG_WARN_INT_CONVERSION = YES;
				CLANG_WARN_NON_LITERAL_NULL_CONVERSION = YES;
				CLANG_WARN_OBJC_IMPLICIT_RETAIN_SELF = YES;
				CLANG_WARN_OBJC_LITERAL_CONVERSION = YES;
				CLANG_WARN_OBJC_ROOT_CLASS = YES_ERROR;
				CLANG_WARN_RANGE_LOOP_ANALYSIS = YES;
				CLANG_WARN_STRICT_PROTOTYPES = YES;
				CLANG_WARN_SUSPICIOUS_MOVE = YES;
				CLANG_WARN_UNGUARDED_AVAILABILITY = YES_AGGRESSIVE;
				CLANG_WARN_UNREACHABLE_CODE = YES;
				CLANG_WARN__DUPLICATE_METHOD_MATCH = YES;
				COPY_PHASE_STRIP = NO;
				DEBUG_INFORMATION_FORMAT = "dwarf-with-dsym";
				ENABLE_NS_ASSERTIONS = NO;
				ENABLE_STRICT_OBJC_MSGSEND = YES;
				GCC_C_LANGUAGE_STANDARD = gnu11;
				GCC_NO_COMMON_BLOCKS = YES;
				GCC_WARN_64_TO_32_BIT_CONVERSION = YES;
				GCC_WARN_ABOUT_RETURN_TYPE = YES_ERROR;
				GCC_WARN_UNDECLARED_SELECTOR = YES;
				GCC_WARN_UNINITIALIZED_AUTOS = YES_AGGRESSIVE;
				GCC_WARN_UNUSED_FUNCTION = YES;
				GCC_WARN_UNUSED_VARIABLE = YES;
				IPHONEOS_DEPLOYMENT_TARGET = 13.0;
				MTL_ENABLE_DEBUG_INFO = NO;
				MTL_FAST_MATH = YES;
				SDKROOT = iphoneos;
				SWIFT_COMPILATION_MODE = wholemodule;
				SWIFT_OPTIMIZATION_LEVEL = "-O";
				VALIDATE_PRODUCT = YES;
			};
			name = Release;
		};
		97C128EA247111DE00386E29 /* Debug */ = {
			isa = XCBuildConfiguration;
			baseConfigurationReference = 444A39287C3858AD00A2BB4D /* Pods-medsos_authentication.debug.xcconfig */;
			buildSettings = {
				ASSETCATALOG_COMPILER_APPICON_NAME = AppIcon;
				CODE_SIGN_STYLE = Automatic;
				INFOPLIST_FILE = medsos_authentication/Core/Info.plist;
				LD_RUNPATH_SEARCH_PATHS = (
					"$(inherited)",
					"@executable_path/Frameworks",
				);
				PRODUCT_BUNDLE_IDENTIFIER = "com.gyosanila.medsos-authentication";
				PRODUCT_NAME = "Medsos Authentication";
				SWIFT_VERSION = 5.0;
				TARGETED_DEVICE_FAMILY = 1;
			};
			name = Debug;
		};
		97C128EB247111DE00386E29 /* Release */ = {
			isa = XCBuildConfiguration;
			baseConfigurationReference = 2783CD9C1A0A8BAD220C0EE8 /* Pods-medsos_authentication.release.xcconfig */;
			buildSettings = {
				ASSETCATALOG_COMPILER_APPICON_NAME = AppIcon;
				CODE_SIGN_STYLE = Automatic;
				INFOPLIST_FILE = medsos_authentication/Core/Info.plist;
				LD_RUNPATH_SEARCH_PATHS = (
					"$(inherited)",
					"@executable_path/Frameworks",
				);
				PRODUCT_BUNDLE_IDENTIFIER = "com.gyosanila.medsos-authentication";
				PRODUCT_NAME = "Medsos Authentication";
				SWIFT_VERSION = 5.0;
				TARGETED_DEVICE_FAMILY = 1;
			};
			name = Release;
		};
		97C128ED247111DE00386E29 /* Debug */ = {
			isa = XCBuildConfiguration;
			baseConfigurationReference = 1D3D80EA44F42D823718355F /* Pods-medsos_authenticationTests.debug.xcconfig */;
			buildSettings = {
				ALWAYS_EMBED_SWIFT_STANDARD_LIBRARIES = YES;
				BUNDLE_LOADER = "$(TEST_HOST)";
				CODE_SIGN_STYLE = Automatic;
				INFOPLIST_FILE = medsos_authenticationTests/Info.plist;
				IPHONEOS_DEPLOYMENT_TARGET = 13.4;
				LD_RUNPATH_SEARCH_PATHS = (
					"$(inherited)",
					"@executable_path/Frameworks",
					"@loader_path/Frameworks",
				);
				PRODUCT_BUNDLE_IDENTIFIER = "com.gyosanila.medsos-authenticationTests";
				PRODUCT_NAME = "$(TARGET_NAME)";
				SWIFT_VERSION = 5.0;
				TARGETED_DEVICE_FAMILY = "1,2";
				TEST_HOST = "$(BUILT_PRODUCTS_DIR)/medsos_authentication.app/medsos_authentication";
			};
			name = Debug;
		};
		97C128EE247111DE00386E29 /* Release */ = {
			isa = XCBuildConfiguration;
			baseConfigurationReference = BB08285CF3FDB01EA8F48927 /* Pods-medsos_authenticationTests.release.xcconfig */;
			buildSettings = {
				ALWAYS_EMBED_SWIFT_STANDARD_LIBRARIES = YES;
				BUNDLE_LOADER = "$(TEST_HOST)";
				CODE_SIGN_STYLE = Automatic;
				INFOPLIST_FILE = medsos_authenticationTests/Info.plist;
				IPHONEOS_DEPLOYMENT_TARGET = 13.4;
				LD_RUNPATH_SEARCH_PATHS = (
					"$(inherited)",
					"@executable_path/Frameworks",
					"@loader_path/Frameworks",
				);
				PRODUCT_BUNDLE_IDENTIFIER = "com.gyosanila.medsos-authenticationTests";
				PRODUCT_NAME = "$(TARGET_NAME)";
				SWIFT_VERSION = 5.0;
				TARGETED_DEVICE_FAMILY = "1,2";
				TEST_HOST = "$(BUILT_PRODUCTS_DIR)/medsos_authentication.app/medsos_authentication";
			};
			name = Release;
		};
		97C128F0247111DE00386E29 /* Debug */ = {
			isa = XCBuildConfiguration;
			baseConfigurationReference = 01605B9FBA7901E016C038B7 /* Pods-medsos_authentication-medsos_authenticationUITests.debug.xcconfig */;
			buildSettings = {
				ALWAYS_EMBED_SWIFT_STANDARD_LIBRARIES = YES;
				CODE_SIGN_STYLE = Automatic;
				INFOPLIST_FILE = medsos_authenticationUITests/Info.plist;
				LD_RUNPATH_SEARCH_PATHS = (
					"$(inherited)",
					"@executable_path/Frameworks",
					"@loader_path/Frameworks",
				);
				PRODUCT_BUNDLE_IDENTIFIER = "com.gyosanila.medsos-authenticationUITests";
				PRODUCT_NAME = "$(TARGET_NAME)";
				SWIFT_VERSION = 5.0;
				TARGETED_DEVICE_FAMILY = "1,2";
				TEST_TARGET_NAME = medsos_authentication;
			};
			name = Debug;
		};
		97C128F1247111DE00386E29 /* Release */ = {
			isa = XCBuildConfiguration;
			baseConfigurationReference = 9106DAC01C07F0EFF2DAB8BD /* Pods-medsos_authentication-medsos_authenticationUITests.release.xcconfig */;
			buildSettings = {
				ALWAYS_EMBED_SWIFT_STANDARD_LIBRARIES = YES;
				CODE_SIGN_STYLE = Automatic;
				INFOPLIST_FILE = medsos_authenticationUITests/Info.plist;
				LD_RUNPATH_SEARCH_PATHS = (
					"$(inherited)",
					"@executable_path/Frameworks",
					"@loader_path/Frameworks",
				);
				PRODUCT_BUNDLE_IDENTIFIER = "com.gyosanila.medsos-authenticationUITests";
				PRODUCT_NAME = "$(TARGET_NAME)";
				SWIFT_VERSION = 5.0;
				TARGETED_DEVICE_FAMILY = "1,2";
				TEST_TARGET_NAME = medsos_authentication;
			};
			name = Release;
		};
/* End XCBuildConfiguration section */

/* Begin XCConfigurationList section */
		97C128BA247111D900386E29 /* Build configuration list for PBXProject "medsos_authentication" */ = {
			isa = XCConfigurationList;
			buildConfigurations = (
				97C128E7247111DE00386E29 /* Debug */,
				97C128E8247111DE00386E29 /* Release */,
			);
			defaultConfigurationIsVisible = 0;
			defaultConfigurationName = Release;
		};
		97C128E9247111DE00386E29 /* Build configuration list for PBXNativeTarget "medsos_authentication" */ = {
			isa = XCConfigurationList;
			buildConfigurations = (
				97C128EA247111DE00386E29 /* Debug */,
				97C128EB247111DE00386E29 /* Release */,
			);
			defaultConfigurationIsVisible = 0;
			defaultConfigurationName = Release;
		};
		97C128EC247111DE00386E29 /* Build configuration list for PBXNativeTarget "medsos_authenticationTests" */ = {
			isa = XCConfigurationList;
			buildConfigurations = (
				97C128ED247111DE00386E29 /* Debug */,
				97C128EE247111DE00386E29 /* Release */,
			);
			defaultConfigurationIsVisible = 0;
			defaultConfigurationName = Release;
		};
		97C128EF247111DE00386E29 /* Build configuration list for PBXNativeTarget "medsos_authenticationUITests" */ = {
			isa = XCConfigurationList;
			buildConfigurations = (
				97C128F0247111DE00386E29 /* Debug */,
				97C128F1247111DE00386E29 /* Release */,
			);
			defaultConfigurationIsVisible = 0;
			defaultConfigurationName = Release;
		};
/* End XCConfigurationList section */
	};
	rootObject = 97C128B7247111D900386E29 /* Project object */;
}
